
Microsoft Visual Studio Solution File, Format Version 12.00
# Visual Studio Version 16
VisualStudioVersion = 16.0.34114.132
MinimumVisualStudioVersion = 10.0.40219.1
Project("{FAE04EC0-301F-11D3-BF4B-00C04F79EFBC}") = "Lab7", "Lab7\Lab7.csproj", "{1BDA9AFC-3DBF-4A1B-A260-FECAC7E456A0}"
EndProject
Global
	GlobalSection(SolutionConfigurationPlatforms) = preSolution
		Debug|Any CPU = Debug|Any CPU
		Release|Any CPU = Release|Any CPU
	EndGlobalSection
	GlobalSection(ProjectConfigurationPlatforms) = postSolution
		{1BDA9AFC-3DBF-4A1B-A260-FECAC7E456A0}.Debug|Any CPU.ActiveCfg = Debug|Any CPU
		{1BDA9AFC-3DBF-4A1B-A260-FECAC7E456A0}.Debug|Any CPU.Build.0 = Debug|Any CPU
		{1BDA9AFC-3DBF-4A1B-A260-FECAC7E456A0}.Release|Any CPU.ActiveCfg = Release|Any CPU
		{1BDA9AFC-3DBF-4A1B-A260-FECAC7E456A0}.Release|Any CPU.Build.0 = Release|Any CPU
	EndGlobalSection
	GlobalSection(SolutionProperties) = preSolution
		HideSolutionNode = FALSE
	EndGlobalSection
	GlobalSection(ExtensibilityGlobals) = postSolution
		SolutionGuid = {739D18A8-5037-45CB-938F-E2189C89C0FA}
	EndGlobalSection
EndGlobal
